version = 1
revision = 3
requires-python = ">=3.12"

[[package]]
name = "ascent"
version = "0.1.0"
source = { virtual = "." }
dependencies = [
    { name = "llvmlite" },
]

[package.metadata]
requires-dist = [{ name = "llvmlite", specifier = ">=0.46.0" }]

[[package]]
name = "llvmlite"
version = "0.46.0"
source = { registry = "https://pypi.org/simple" }
sdist = { url = "https://files.pythonhosted.org/packages/74/cd/08ae687ba099c7e3d21fe2ea536500563ef1943c5105bf6ab4ee3829f68e/llvmlite-0.46.0.tar.gz", hash = "sha256:227c9fd6d09dce2783c18b754b7cd9d9b3b3515210c46acc2d3c5badd9870ceb", size = 193456, upload-time = "2025-12-08T18:15:36.295Z" }
wheels = [
    { url = "https://files.pythonhosted.org/packages/2b/f8/4db016a5e547d4e054ff2f3b99203d63a497465f81ab78ec8eb2ff7b2304/llvmlite-0.46.0-cp312-cp312-macosx_11_0_arm64.whl", hash = "sha256:6b9588ad4c63b4f0175a3984b85494f0c927c6b001e3a246a3a7fb3920d9a137", size = 37232767, upload-time = "2025-12-08T18:15:00.737Z" },
    { url = "https://files.pythonhosted.org/packages/aa/85/4890a7c14b4fa54400945cb52ac3cd88545bbdb973c440f98ca41591cdc5/llvmlite-0.46.0-cp312-cp312-manylinux2014_x86_64.manylinux_2_17_x86_64.whl", hash = "sha256:3535bd2bb6a2d7ae4012681ac228e5132cdb75fefb1bcb24e33f2f3e0c865ed4", size = 56275176, upload-time = "2025-12-08T18:15:03.936Z" },
    { url = "https://files.pythonhosted.org/packages/6a/07/3d31d39c1a1a08cd5337e78299fca77e6aebc07c059fbd0033e3edfab45c/llvmlite-0.46.0-cp312-cp312-manylinux_2_27_aarch64.manylinux_2_28_aarch64.whl", hash = "sha256:4cbfd366e60ff87ea6cc62f50bc4cd800ebb13ed4c149466f50cf2163a473d1e", size = 55128630, upload-time = "2025-12-08T18:15:07.196Z" },
    { url = "https://files.pythonhosted.org/packages/2a/6b/d139535d7590a1bba1ceb68751bef22fadaa5b815bbdf0e858e3875726b2/llvmlite-0.46.0-cp312-cp312-win_amd64.whl", hash = "sha256:398b39db462c39563a97b912d4f2866cd37cba60537975a09679b28fbbc0fb38", size = 38138940, upload-time = "2025-12-08T18:15:10.162Z" },
    { url = "https://files.pythonhosted.org/packages/e6/ff/3eba7eb0aed4b6fca37125387cd417e8c458e750621fce56d2c541f67fa8/llvmlite-0.46.0-cp313-cp313-macosx_12_0_arm64.whl", hash = "sha256:30b60892d034bc560e0ec6654737aaa74e5ca327bd8114d82136aa071d611172", size = 37232767, upload-time = "2025-12-08T18:15:13.22Z" },
    { url = "https://files.pythonhosted.org/packages/0e/54/737755c0a91558364b9200702c3c9c15d70ed63f9b98a2c32f1c2aa1f3ba/llvmlite-0.46.0-cp313-cp313-manylinux2014_x86_64.manylinux_2_17_x86_64.whl", hash = "sha256:6cc19b051753368a9c9f31dc041299059ee91aceec81bd57b0e385e5d5bf1a54", size = 56275176, upload-time = "2025-12-08T18:15:16.339Z" },
    { url = "https://files.pythonhosted.org/packages/e6/91/14f32e1d70905c1c0aa4e6609ab5d705c3183116ca02ac6df2091868413a/llvmlite-0.46.0-cp313-cp313-manylinux_2_27_aarch64.manylinux_2_28_aarch64.whl", hash = "sha256:bca185892908f9ede48c0acd547fe4dc1bafefb8a4967d47db6cf664f9332d12", size = 55128629, upload-time = "2025-12-08T18:15:19.493Z" },
    { url = "https://files.pythonhosted.org/packages/4a/a7/d526ae86708cea531935ae777b6dbcabe7db52718e6401e0fb9c5edea80e/llvmlite-0.46.0-cp313-cp313-win_amd64.whl", hash = "sha256:67438fd30e12349ebb054d86a5a1a57fd5e87d264d2451bcfafbbbaa25b82a35", size = 38138941, upload-time = "2025-12-08T18:15:22.536Z" },
    { url = "https://files.pythonhosted.org/packages/95/ae/af0ffb724814cc2ea64445acad05f71cff5f799bb7efb22e47ee99340dbc/llvmlite-0.46.0-cp314-cp314-macosx_12_0_arm64.whl", hash = "sha256:d252edfb9f4ac1fcf20652258e3f102b26b03eef738dc8a6ffdab7d7d341d547", size = 37232768, upload-time = "2025-12-08T18:15:25.055Z" },
    { url = "https://files.pythonhosted.org/packages/c9/19/5018e5352019be753b7b07f7759cdabb69ca5779fea2494be8839270df4c/llvmlite-0.46.0-cp314-cp314-manylinux2014_x86_64.manylinux_2_17_x86_64.whl", hash = "sha256:379fdd1c59badeff8982cb47e4694a6143bec3bb49aa10a466e095410522064d", size = 56275173, upload-time = "2025-12-08T18:15:28.109Z" },
    { url = "https://files.pythonhosted.org/packages/9f/c9/d57877759d707e84c082163c543853245f91b70c804115a5010532890f18/llvmlite-0.46.0-cp314-cp314-manylinux_2_27_aarch64.manylinux_2_28_aarch64.whl", hash = "sha256:2e8cbfff7f6db0fa2c771ad24154e2a7e457c2444d7673e6de06b8b698c3b269", size = 55128628, upload-time = "2025-12-08T18:15:31.098Z" },
    { url = "https://files.pythonhosted.org/packages/30/a8/e61a8c2b3cc7a597073d9cde1fcbb567e9d827f1db30c93cf80422eac70d/llvmlite-0.46.0-cp314-cp314-win_amd64.whl", hash = "sha256:7821eda3ec1f18050f981819756631d60b6d7ab1a6cf806d9efefbe3f4082d61", size = 39153056, upload-time = "2025-12-08T18:15:33.938Z" },
]
